// !$*UTF8*$!
{
	archiveVersion = 1;
	classes = {
	};
	objectVersion = 46;
	objects = {

/* Begin PBXBuildFile section */
		BCAEF1A21DA8D28A00743F12 /* AppDelegate.swift in Sources */ = {isa = PBXBuildFile; fileRef = BCAEF1A11DA8D28A00743F12 /* AppDelegate.swift */; };
		BCAEF1A41DA8D28A00743F12 /* ViewController.swift in Sources */ = {isa = PBXBuildFile; fileRef = BCAEF1A31DA8D28A00743F12 /* ViewController.swift */; };
		BCAEF1A71DA8D28A00743F12 /* Main.storyboard in Resources */ = {isa = PBXBuildFile; fileRef = BCAEF1A51DA8D28A00743F12 /* Main.storyboard */; };
		BCAEF1A91DA8D28A00743F12 /* Assets.xcassets in Resources */ = {isa = PBXBuildFile; fileRef = BCAEF1A81DA8D28A00743F12 /* Assets.xcassets */; };
		BCAEF1AC1DA8D28A00743F12 /* LaunchScreen.storyboard in Resources */ = {isa = PBXBuildFile; fileRef = BCAEF1AA1DA8D28A00743F12 /* LaunchScreen.storyboard */; };
/* End PBXBuildFile section */

/* Begin PBXFileReference section */
		BCAEF19E1DA8D28A00743F12 /* poetry.app */ = {isa = PBXFileReference; explicitFileType = wrapper.application; includeInIndex = 0; path = poetry.app; sourceTree = BUILT_PRODUCTS_DIR; };
		BCAEF1A11DA8D28A00743F12 /* AppDelegate.swift */ = {isa = PBXFileReference; lastKnownFileType = sourcecode.swift; path = AppDelegate.swift; sourceTree = "<group>"; };
		BCAEF1A31DA8D28A00743F12 /* ViewController.swift */ = {isa = PBXFileReference; lastKnownFileType = sourcecode.swift; path = ViewController.swift; sourceTree = "<group>"; };
		BCAEF1A61DA8D28A00743F12 /* Base */ = {isa = PBXFileReference; lastKnownFileType = file.storyboard; name = Base; path = Base.lproj/Main.storyboard; sourceTree = "<group>"; };
		BCAEF1A81DA8D28A00743F12 /* Assets.xcassets */ = {isa = PBXFileReference; lastKnownFileType = folder.assetcatalog; path = Assets.xcassets; sourceTree = "<group>"; };
		BCAEF1AB1DA8D28A00743F12 /* Base */ = {isa = PBXFileReference; lastKnownFileType = file.storyboard; name = Base; path = Base.lproj/LaunchScreen.storyboard; sourceTree = "<group>"; };
		BCAEF1AD1DA8D28A00743F12 /* Info.plist */ = {isa = PBXFileReference; lastKnownFileType = text.plist.xml; path = Info.plist; sourceTree = "<group>"; };
/* End PBXFileReference section */

/* Begin PBXFrameworksBuildPhase section */
		BCAEF19B1DA8D28A00743F12 /* Frameworks */ = {
			isa = PBXFrameworksBuildPhase;
			buildActionMask = 2147483647;
			files = (
			);
			runOnlyForDeploymentPostprocessing = 0;
		};
/* End PBXFrameworksBuildPhase section */

/* Begin PBXGroup section */
		BCAEF1951DA8D28A00743F12 = {
			isa = PBXGroup;
			children = (
				BCAEF1A01DA8D28A00743F12 /* poetry */,
				BCAEF19F1DA8D28A00743F12 /* Products */,
			);
			sourceTree = "<group>";
		};
		BCAEF19F1DA8D28A00743F12 /* Products */ = {
			isa = PBXGroup;
			children = (
				BCAEF19E1DA8D28A00743F12 /* poetry.app */,
			);
			name = Products;
			sourceTree = "<group>";
		};
		BCAEF1A01DA8D28A00743F12 /* poetry */ = {
			isa = PBXGroup;
			children = (
				BCAEF1A11DA8D28A00743F12 /* AppDelegate.swift */,
				BCAEF1A31DA8D28A00743F12 /* ViewController.swift */,
				BCAEF1A51DA8D28A00743F12 /* Main.storyboard */,
				BCAEF1A81DA8D28A00743F12 /* Assets.xcassets */,
				BCAEF1AA1DA8D28A00743F12 /* LaunchScreen.storyboard */,
				BCAEF1AD1DA8D28A00743F12 /* Info.plist */,
			);
			path = poetry;
			sourceTree = "<group>";
		};
/* End PBXGroup section */

/* Begin PBXNativeTarget section */
		BCAEF19D1DA8D28A00743F12 /* poetry */ = {
			isa = PBXNativeTarget;
			buildConfigurationList = BCAEF1B01DA8D28A00743F12 /* Build configuration list for PBXNativeTarget "poetry" */;
			buildPhases = (
				BCAEF19A1DA8D28A00743F12 /* Sources */,
				BCAEF19B1DA8D28A00743F12 /* Frameworks */,
				BCAEF19C1DA8D28A00743F12 /* Resources */,
			);
			buildRules = (
			);
			dependencies = (
			);
			name = poetry;
			productName = poetry;
			productReference = BCAEF19E1DA8D28A00743F12 /* poetry.app */;
			productType = "com.apple.product-type.application";
		};
/* End PBXNativeTarget section */

/* Begin PBXProject section */
		BCAEF1961DA8D28A00743F12 /* Project object */ = {
			isa = PBXProject;
			attributes = {
				LastSwiftUpdateCheck = 0800;
				LastUpgradeCheck = 0800;
				ORGANIZATIONNAME = "zero plus";
				TargetAttributes = {
					BCAEF19D1DA8D28A00743F12 = {
						CreatedOnToolsVersion = 8.0;
						ProvisioningStyle = Automatic;
					};
				};
			};
			buildConfigurationList = BCAEF1991DA8D28A00743F12 /* Build configuration list for PBXProject "poetry" */;
			compatibilityVersion = "Xcode 3.2";
			developmentRegion = English;
			hasScannedForEncodings = 0;
			knownRegions = (
				en,
				Base,
			);
			mainGroup = BCAEF1951DA8D28A00743F12;
			productRefGroup = BCAEF19F1DA8D28A00743F12 /* Products */;
			projectDirPath = "";
			projectRoot = "";
			targets = (
				BCAEF19D1DA8D28A00743F12 /* poetry */,
			);
		};
/* End PBXProject section */

/* Begin PBXResourcesBuildPhase section */
		BCAEF19C1DA8D28A00743F12 /* Resources */ = {
			isa = PBXResourcesBuildPhase;
			buildActionMask = 2147483647;
			files = (
				BCAEF1AC1DA8D28A00743F12 /* LaunchScreen.storyboard in Resources */,
				BCAEF1A91DA8D28A00743F12 /* Assets.xcassets in Resources */,
				BCAEF1A71DA8D28A00743F12 /* Main.storyboard in Resources */,
			);
			runOnlyForDeploymentPostprocessing = 0;
		};
/* End PBXResourcesBuildPhase section */

/* Begin PBXSourcesBuildPhase section */
		BCAEF19A1DA8D28A00743F12 /* Sources */ = {
			isa = PBXSourcesBuildPhase;
			buildActionMask = 2147483647;
			files = (
				BCAEF1A41DA8D28A00743F12 /* ViewController.swift in Sources */,
				BCAEF1A21DA8D28A00743F12 /* AppDelegate.swift in Sources */,
			);
			runOnlyForDeploymentPostprocessing = 0;
		};
/* End PBXSourcesBuildPhase section */

/* Begin PBXVariantGroup section */
		BCAEF1A51DA8D28A00743F12 /* Main.storyboard */ = {
			isa = PBXVariantGroup;
			children = (
				BCAEF1A61DA8D28A00743F12 /* Base */,
			);
			name = Main.storyboard;
			sourceTree = "<group>";
		};
		BCAEF1AA1DA8D28A00743F12 /* LaunchScreen.storyboard */ = {
			isa = PBXVariantGroup;
			children = (
				BCAEF1AB1DA8D28A00743F12 /* Base */,
			);
			name = LaunchScreen.storyboard;
			sourceTree = "<group>";
		};
/* End PBXVariantGroup section */

/* Begin XCBuildConfiguration section */
		BCAEF1AE1DA8D28A00743F12 /* Debug */ = {
			isa = XCBuildConfiguration;
			buildSettings = {
				ALWAYS_SEARCH_USER_PATHS = NO;
				CLANG_ANALYZER_NONNULL = YES;
				CLANG_CXX_LANGUAGE_STANDARD = "gnu++0x";
				CLANG_CXX_LIBRARY = "libc++";
				CLANG_ENABLE_MODULES = YES;
				CLANG_ENABLE_OBJC_ARC = YES;
				CLANG_WARN_BOOL_CONVERSION = YES;
				CLANG_WARN_CONSTANT_CONVERSION = YES;
				CLANG_WARN_DIRECT_OBJC_ISA_USAGE = YES_ERROR;
				CLANG_WARN_DOCUMENTATION_COMMENTS = YES;
				CLANG_WARN_EMPTY_BODY = YES;
				CLANG_WARN_ENUM_CONVERSION = YES;
				CLANG_WARN_INFINITE_RECURSION = YES;
				CLANG_WARN_INT_CONVERSION = YES;
				CLANG_WARN_OBJC_ROOT_CLASS = YES_ERROR;
				CLANG_WARN_SUSPICIOUS_MOVES = YES;
				CLANG_WARN_UNREACHABLE_CODE = YES;
				CLANG_WARN__DUPLICATE_METHOD_MATCH = YES;
				"CODE_SIGN_IDENTITY[sdk=iphoneos*]" = "iPhone Developer";
				COPY_PHASE_STRIP = NO;
				DEBUG_INFORMATION_FORMAT = dwarf;
				ENABLE_STRICT_OBJC_MSGSEND = YES;
				ENABLE_TESTABILITY = YES;
				GCC_C_LANGUAGE_STANDARD = gnu99;
				GCC_DYNAMIC_NO_PIC = NO;
				GCC_NO_COMMON_BLOCKS = YES;
				GCC_OPTIMIZATION_LEVEL = 0;
				GCC_PREPROCESSOR_DEFINITIONS = (
					"DEBUG=1",
					"$(inherited)",
				);
				GCC_WARN_64_TO_32_BIT_CONVERSION = YES;
				GCC_WARN_ABOUT_RETURN_TYPE = YES_ERROR;
				GCC_WARN_UNDECLARED_SELECTOR = YES;
				GCC_WARN_UNINITIALIZED_AUTOS = YES_AGGRESSIVE;
				GCC_WARN_UNUSED_FUNCTION = YES;
				GCC_WARN_UNUSED_VARIABLE = YES;
				IPHONEOS_DEPLOYMENT_TARGET = 10.0;
				MTL_ENABLE_DEBUG_INFO = YES;
				ONLY_ACTIVE_ARCH = YES;
				SDKROOT = iphoneos;
				SWIFT_ACTIVE_COMPILATION_CONDITIONS = DEBUG;
				SWIFT_OPTIMIZATION_LEVEL = "-Onone";
			};
			name = Debug;
		};
		BCAEF1AF1DA8D28A00743F12 /* Release */ = {
			isa = XCBuildConfiguration;
			buildSettings = {
				ALWAYS_SEARCH_USER_PATHS = NO;
				CLANG_ANALYZER_NONNULL = YES;
				CLANG_CXX_LANGUAGE_STANDARD = "gnu++0x";
				CLANG_CXX_LIBRARY = "libc++";
				CLANG_ENABLE_MODULES = YES;
				CLANG_ENABLE_OBJC_ARC = YES;
				CLANG_WARN_BOOL_CONVERSION = YES;
				CLANG_WARN_CONSTANT_CONVERSION = YES;
				CLANG_WARN_DIRECT_OBJC_ISA_USAGE = YES_ERROR;
				CLANG_WARN_DOCUMENTATION_COMMENTS = YES;
				CLANG_WARN_EMPTY_BODY = YES;
				CLANG_WARN_ENUM_CONVERSION = YES;
				CLANG_WARN_INFINITE_RECURSION = YES;
				CLANG_WARN_INT_CONVERSION = YES;
				CLANG_WARN_OBJC_ROOT_CLASS = YES_ERROR;
				CLANG_WARN_SUSPICIOUS_MOVES = YES;
				CLANG_WARN_UNREACHABLE_CODE = YES;
				CLANG_WARN__DUPLICATE_METHOD_MATCH = YES;
				"CODE_SIGN_IDENTITY[sdk=iphoneos*]" = "iPhone Developer";
				COPY_PHASE_STRIP = NO;
				DEBUG_INFORMATION_FORMAT = "dwarf-with-dsym";
				ENABLE_NS_ASSERTIONS = NO;
				ENABLE_STRICT_OBJC_MSGSEND = YES;
				GCC_C_LANGUAGE_STANDARD = gnu99;
				GCC_NO_COMMON_BLOCKS = YES;
				GCC_WARN_64_TO_32_BIT_CONVERSION = YES;
				GCC_WARN_ABOUT_RETURN_TYPE = YES_ERROR;
				GCC_WARN_UNDECLARED_SELECTOR = YES;
				GCC_WARN_UNINITIALIZED_AUTOS = YES_AGGRESSIVE;
				GCC_WARN_UNUSED_FUNCTION = YES;
				GCC_WARN_UNUSED_VARIABLE = YES;
				IPHONEOS_DEPLOYMENT_TARGET = 10.0;
				MTL_ENABLE_DEBUG_INFO = NO;
				SDKROOT = iphoneos;
				SWIFT_OPTIMIZATION_LEVEL = "-Owholemodule";
				VALIDATE_PRODUCT = YES;
			};
			name = Release;
		};
		BCAEF1B11DA8D28A00743F12 /* Debug */ = {
			isa = XCBuildConfiguration;
			buildSettings = {
				ASSETCATALOG_COMPILER_APPICON_NAME = AppIcon;
				INFOPLIST_FILE = poetry/Info.plist;
				LD_RUNPATH_SEARCH_PATHS = "$(inherited) @executable_path/Frameworks";
				PRODUCT_BUNDLE_IDENTIFIER = com.wow.poetry;
				PRODUCT_NAME = "$(TARGET_NAME)";
				SWIFT_VERSION = 3.0;
			};
			name = Debug;
		};
		BCAEF1B21DA8D28A00743F12 /* Release */ = {
			isa = XCBuildConfiguration;
			buildSettings = {
				ASSETCATALOG_COMPILER_APPICON_NAME = AppIcon;
				INFOPLIST_FILE = poetry/Info.plist;
				LD_RUNPATH_SEARCH_PATHS = "$(inherited) @executable_path/Frameworks";
				PRODUCT_BUNDLE_IDENTIFIER = com.wow.poetry;
				PRODUCT_NAME = "$(TARGET_NAME)";
				SWIFT_VERSION = 3.0;
			};
			name = Release;
		};
/* End XCBuildConfiguration section */

/* Begin XCConfigurationList section */
		BCAEF1991DA8D28A00743F12 /* Build configuration list for PBXProject "poetry" */ = {
			isa = XCConfigurationList;
			buildConfigurations = (
				BCAEF1AE1DA8D28A00743F12 /* Debug */,
				BCAEF1AF1DA8D28A00743F12 /* Release */,
			);
			defaultConfigurationIsVisible = 0;
			defaultConfigurationName = Release;
		};
		BCAEF1B01DA8D28A00743F12 /* Build configuration list for PBXNativeTarget "poetry" */ = {
			isa = XCConfigurationList;
			buildConfigurations = (
				BCAEF1B11DA8D28A00743F12 /* Debug */,
				BCAEF1B21DA8D28A00743F12 /* Release */,
			);
			defaultConfigurationIsVisible = 0;
		};
/* End XCConfigurationList section */
	};
	rootObject = BCAEF1961DA8D28A00743F12 /* Project object */;
}
